
Microsoft Visual Studio Solution File, Format Version 12.00
# Visual Studio Version 16
VisualStudioVersion = 16.0.31313.79
MinimumVisualStudioVersion = 10.0.40219.1
Project("{8BC9CEB8-8B4A-11D0-8D11-00A0C91BC942}") = "Ej02", "Marp\Marp.vcxproj", "{952E0553-DED8-458D-828B-7982481CC89B}"
EndProject
Project("{8BC9CEB8-8B4A-11D0-8D11-00A0C91BC942}") = "Ej01", "ProblemasMarp\PoblemasMarp.vcxproj", "{26EF524A-409B-4618-A903-7803D8F41969}"
EndProject
Project("{8BC9CEB8-8B4A-11D0-8D11-00A0C91BC942}") = "Ej03", "ej03\ej03.vcxproj", "{3B2CCD6D-4A22-407B-95B3-C9D23AD39987}"
EndProject
Project("{8BC9CEB8-8B4A-11D0-8D11-00A0C91BC942}") = "Ej04", "Ej04\Ej04.vcxproj", "{E3ECB1E6-6A76-4E9C-9336-151083E7BD2A}"
EndProject
Project("{8BC9CEB8-8B4A-11D0-8D11-00A0C91BC942}") = "Ej07", "Ej07\Ej07.vcxproj", "{AA46240F-B6E2-413E-B8A9-EB7E49DC3443}"
EndProject
Project("{8BC9CEB8-8B4A-11D0-8D11-00A0C91BC942}") = "Ej05", "Ej05\Ej05.vcxproj", "{603D5C1A-D477-4EFF-91AB-7C05D7053601}"
EndProject
Project("{8BC9CEB8-8B4A-11D0-8D11-00A0C91BC942}") = "Ej06", "Ej06\Ej06.vcxproj", "{C706A818-4F92-4EA1-92E0-48DFF23BDBEB}"
EndProject
Project("{8BC9CEB8-8B4A-11D0-8D11-00A0C91BC942}") = "Ej08", "Ej08\Ej08.vcxproj", "{253E449D-818F-435A-B6E8-203E5BA1B6EC}"
EndProject
Project("{8BC9CEB8-8B4A-11D0-8D11-00A0C91BC942}") = "Ej09", "Ej09\Ej09.vcxproj", "{25210CAC-BF49-472A-9DE7-147ABCA23766}"
EndProject
Project("{8BC9CEB8-8B4A-11D0-8D11-00A0C91BC942}") = "Ej11", "Ej11\Ej11.vcxproj", "{A121E10E-64A6-45BE-9128-680FA88C601A}"
EndProject
Project("{8BC9CEB8-8B4A-11D0-8D11-00A0C91BC942}") = "Ej12", "Ej12\Ej12.vcxproj", "{94B504AC-218F-41F1-96AF-10984A604748}"
EndProject
Project("{8BC9CEB8-8B4A-11D0-8D11-00A0C91BC942}") = "Ej13", "Ej13\Ej13.vcxproj", "{03A1DDB3-0E13-4B75-9090-D407F5DE2E2B}"
EndProject
Project("{8BC9CEB8-8B4A-11D0-8D11-00A0C91BC942}") = "Ej14", "Ej14\Ej14.vcxproj", "{5AE2B35C-5241-4778-BA58-BC450282234C}"
EndProject
Project("{8BC9CEB8-8B4A-11D0-8D11-00A0C91BC942}") = "Ej10", "Ej10\Ej10.vcxproj", "{9BD9BEE1-D4AD-4ADE-A379-0588A3B8CF63}"
EndProject
Project("{8BC9CEB8-8B4A-11D0-8D11-00A0C91BC942}") = "Ej16", "Ej16\Ej16.vcxproj", "{3C4F7DEC-8EA1-424A-9AC3-3AA232FBFF42}"
EndProject
Project("{8BC9CEB8-8B4A-11D0-8D11-00A0C91BC942}") = "Ej17", "Ej17\Ej17.vcxproj", "{D230CE04-903E-4A8A-A5DD-DF5F84393A72}"
EndProject
Project("{8BC9CEB8-8B4A-11D0-8D11-00A0C91BC942}") = "Ej18", "Ej18\Ej18.vcxproj", "{222728D1-96A3-49B9-A766-516C57115F66}"
EndProject
Project("{8BC9CEB8-8B4A-11D0-8D11-00A0C91BC942}") = "Ej19", "Ej19\Ej19.vcxproj", "{77FCEF2A-C7D8-4B1A-9190-7678C46A7D21}"
EndProject
Project("{8BC9CEB8-8B4A-11D0-8D11-00A0C91BC942}") = "Ej21", "Ej21\Ej21.vcxproj", "{368F481F-F0C4-4E81-8379-8E31DEB01A98}"
EndProject
Project("{8BC9CEB8-8B4A-11D0-8D11-00A0C91BC942}") = "Ej20", "Ej20\Ej20.vcxproj", "{A0A0729F-6162-457A-9A10-35E888D66339}"
EndProject
Project("{8BC9CEB8-8B4A-11D0-8D11-00A0C91BC942}") = "Ej24", "Ej24\Ej24.vcxproj", "{9DDB7605-13F7-449A-A387-0F382A0A9455}"
EndProject
Project("{8BC9CEB8-8B4A-11D0-8D11-00A0C91BC942}") = "Ej22", "Ej22\Ej22.vcxproj", "{B8EAC47F-3528-4FFC-87E5-9A5044EFFE08}"
EndProject
Project("{8BC9CEB8-8B4A-11D0-8D11-00A0C91BC942}") = "Ej23", "Ej23\Ej23.vcxproj", "{5C43B015-329A-45B5-A341-32247C409699}"
EndProject
Project("{8BC9CEB8-8B4A-11D0-8D11-00A0C91BC942}") = "Ej25", "Ej25\Ej25.vcxproj", "{666D6178-F9EE-4516-ADFD-7FE3EA49BDA0}"
EndProject
Project("{8BC9CEB8-8B4A-11D0-8D11-00A0C91BC942}") = "Ej26", "Ej26\Ej26.vcxproj", "{CD05A86A-9F7A-4897-A493-8B84F7A003BD}"
EndProject
Project("{8BC9CEB8-8B4A-11D0-8D11-00A0C91BC942}") = "Ej27", "Ej27\Ej27.vcxproj", "{A58A649F-E1B7-4466-9246-2811C0821392}"
EndProject
Project("{8BC9CEB8-8B4A-11D0-8D11-00A0C91BC942}") = "Ej29", "Ej29\Ej29.vcxproj", "{E7636A8A-A5C9-4233-A2F3-496F2B98030F}"
EndProject
Project("{8BC9CEB8-8B4A-11D0-8D11-00A0C91BC942}") = "Ej28", "Ej28\Ej28.vcxproj", "{50CE7010-64F2-4E30-90B1-620A06CCFBAF}"
EndProject
Project("{8BC9CEB8-8B4A-11D0-8D11-00A0C91BC942}") = "Ej30", "Ej30\Ej30.vcxproj", "{18C31549-34F8-43FA-828F-AB4360D63D34}"
EndProject
Project("{8BC9CEB8-8B4A-11D0-8D11-00A0C91BC942}") = "Ej31", "Ej31\Ej31.vcxproj", "{3987D699-F8FE-412A-BCA5-DB77B36C30FE}"
EndProject
Project("{8BC9CEB8-8B4A-11D0-8D11-00A0C91BC942}") = "Ej32", "Ej32\Ej32.vcxproj", "{80D2C16B-770D-44F2-A3F8-80D15A968418}"
EndProject
Project("{8BC9CEB8-8B4A-11D0-8D11-00A0C91BC942}") = "Ej33", "Ej33\Ej33.vcxproj", "{476168D4-6F86-421E-887E-32F4945AA670}"
EndProject
Project("{8BC9CEB8-8B4A-11D0-8D11-00A0C91BC942}") = "Ej34", "Ej34\Ej34.vcxproj", "{936A5C6E-700E-461E-9BFE-441FA24D59A4}"
EndProject
Project("{8BC9CEB8-8B4A-11D0-8D11-00A0C91BC942}") = "Ej35", "Ej35\Ej35.vcxproj", "{C7520C36-4E13-40BA-98B1-810F1F516831}"
EndProject
Project("{8BC9CEB8-8B4A-11D0-8D11-00A0C91BC942}") = "Ej38", "Ej38\Ej38.vcxproj", "{B2D6C8C3-F94F-4076-8647-C4EDF29E4D15}"
EndProject
Global
	GlobalSection(SolutionConfigurationPlatforms) = preSolution
		Debug|x64 = Debug|x64
		Debug|x86 = Debug|x86
		Release|x64 = Release|x64
		Release|x86 = Release|x86
	EndGlobalSection
	GlobalSection(ProjectConfigurationPlatforms) = postSolution
		{952E0553-DED8-458D-828B-7982481CC89B}.Debug|x64.ActiveCfg = Debug|x64
		{952E0553-DED8-458D-828B-7982481CC89B}.Debug|x64.Build.0 = Debug|x64
		{952E0553-DED8-458D-828B-7982481CC89B}.Debug|x86.ActiveCfg = Debug|Win32
		{952E0553-DED8-458D-828B-7982481CC89B}.Debug|x86.Build.0 = Debug|Win32
		{952E0553-DED8-458D-828B-7982481CC89B}.Release|x64.ActiveCfg = Release|x64
		{952E0553-DED8-458D-828B-7982481CC89B}.Release|x64.Build.0 = Release|x64
		{952E0553-DED8-458D-828B-7982481CC89B}.Release|x86.ActiveCfg = Release|Win32
		{952E0553-DED8-458D-828B-7982481CC89B}.Release|x86.Build.0 = Release|Win32
		{26EF524A-409B-4618-A903-7803D8F41969}.Debug|x64.ActiveCfg = Debug|x64
		{26EF524A-409B-4618-A903-7803D8F41969}.Debug|x64.Build.0 = Debug|x64
		{26EF524A-409B-4618-A903-7803D8F41969}.Debug|x86.ActiveCfg = Debug|Win32
		{26EF524A-409B-4618-A903-7803D8F41969}.Debug|x86.Build.0 = Debug|Win32
		{26EF524A-409B-4618-A903-7803D8F41969}.Release|x64.ActiveCfg = Release|x64
		{26EF524A-409B-4618-A903-7803D8F41969}.Release|x64.Build.0 = Release|x64
		{26EF524A-409B-4618-A903-7803D8F41969}.Release|x86.ActiveCfg = Release|Win32
		{26EF524A-409B-4618-A903-7803D8F41969}.Release|x86.Build.0 = Release|Win32
		{3B2CCD6D-4A22-407B-95B3-C9D23AD39987}.Debug|x64.ActiveCfg = Debug|x64
		{3B2CCD6D-4A22-407B-95B3-C9D23AD39987}.Debug|x64.Build.0 = Debug|x64
		{3B2CCD6D-4A22-407B-95B3-C9D23AD39987}.Debug|x86.ActiveCfg = Debug|Win32
		{3B2CCD6D-4A22-407B-95B3-C9D23AD39987}.Debug|x86.Build.0 = Debug|Win32
		{3B2CCD6D-4A22-407B-95B3-C9D23AD39987}.Release|x64.ActiveCfg = Release|x64
		{3B2CCD6D-4A22-407B-95B3-C9D23AD39987}.Release|x64.Build.0 = Release|x64
		{3B2CCD6D-4A22-407B-95B3-C9D23AD39987}.Release|x86.ActiveCfg = Release|Win32
		{3B2CCD6D-4A22-407B-95B3-C9D23AD39987}.Release|x86.Build.0 = Release|Win32
		{E3ECB1E6-6A76-4E9C-9336-151083E7BD2A}.Debug|x64.ActiveCfg = Debug|x64
		{E3ECB1E6-6A76-4E9C-9336-151083E7BD2A}.Debug|x64.Build.0 = Debug|x64
		{E3ECB1E6-6A76-4E9C-9336-151083E7BD2A}.Debug|x86.ActiveCfg = Debug|Win32
		{E3ECB1E6-6A76-4E9C-9336-151083E7BD2A}.Debug|x86.Build.0 = Debug|Win32
		{E3ECB1E6-6A76-4E9C-9336-151083E7BD2A}.Release|x64.ActiveCfg = Release|x64
		{E3ECB1E6-6A76-4E9C-9336-151083E7BD2A}.Release|x64.Build.0 = Release|x64
		{E3ECB1E6-6A76-4E9C-9336-151083E7BD2A}.Release|x86.ActiveCfg = Release|Win32
		{E3ECB1E6-6A76-4E9C-9336-151083E7BD2A}.Release|x86.Build.0 = Release|Win32
		{AA46240F-B6E2-413E-B8A9-EB7E49DC3443}.Debug|x64.ActiveCfg = Debug|x64
		{AA46240F-B6E2-413E-B8A9-EB7E49DC3443}.Debug|x64.Build.0 = Debug|x64
		{AA46240F-B6E2-413E-B8A9-EB7E49DC3443}.Debug|x86.ActiveCfg = Debug|Win32
		{AA46240F-B6E2-413E-B8A9-EB7E49DC3443}.Debug|x86.Build.0 = Debug|Win32
		{AA46240F-B6E2-413E-B8A9-EB7E49DC3443}.Release|x64.ActiveCfg = Release|x64
		{AA46240F-B6E2-413E-B8A9-EB7E49DC3443}.Release|x64.Build.0 = Release|x64
		{AA46240F-B6E2-413E-B8A9-EB7E49DC3443}.Release|x86.ActiveCfg = Release|Win32
		{AA46240F-B6E2-413E-B8A9-EB7E49DC3443}.Release|x86.Build.0 = Release|Win32
		{603D5C1A-D477-4EFF-91AB-7C05D7053601}.Debug|x64.ActiveCfg = Debug|x64
		{603D5C1A-D477-4EFF-91AB-7C05D7053601}.Debug|x64.Build.0 = Debug|x64
		{603D5C1A-D477-4EFF-91AB-7C05D7053601}.Debug|x86.ActiveCfg = Debug|Win32
		{603D5C1A-D477-4EFF-91AB-7C05D7053601}.Debug|x86.Build.0 = Debug|Win32
		{603D5C1A-D477-4EFF-91AB-7C05D7053601}.Release|x64.ActiveCfg = Release|x64
		{603D5C1A-D477-4EFF-91AB-7C05D7053601}.Release|x64.Build.0 = Release|x64
		{603D5C1A-D477-4EFF-91AB-7C05D7053601}.Release|x86.ActiveCfg = Release|Win32
		{603D5C1A-D477-4EFF-91AB-7C05D7053601}.Release|x86.Build.0 = Release|Win32
		{C706A818-4F92-4EA1-92E0-48DFF23BDBEB}.Debug|x64.ActiveCfg = Debug|x64
		{C706A818-4F92-4EA1-92E0-48DFF23BDBEB}.Debug|x64.Build.0 = Debug|x64
		{C706A818-4F92-4EA1-92E0-48DFF23BDBEB}.Debug|x86.ActiveCfg = Debug|Win32
		{C706A818-4F92-4EA1-92E0-48DFF23BDBEB}.Debug|x86.Build.0 = Debug|Win32
		{C706A818-4F92-4EA1-92E0-48DFF23BDBEB}.Release|x64.ActiveCfg = Release|x64
		{C706A818-4F92-4EA1-92E0-48DFF23BDBEB}.Release|x64.Build.0 = Release|x64
		{C706A818-4F92-4EA1-92E0-48DFF23BDBEB}.Release|x86.ActiveCfg = Release|Win32
		{C706A818-4F92-4EA1-92E0-48DFF23BDBEB}.Release|x86.Build.0 = Release|Win32
		{253E449D-818F-435A-B6E8-203E5BA1B6EC}.Debug|x64.ActiveCfg = Debug|x64
		{253E449D-818F-435A-B6E8-203E5BA1B6EC}.Debug|x64.Build.0 = Debug|x64
		{253E449D-818F-435A-B6E8-203E5BA1B6EC}.Debug|x86.ActiveCfg = Debug|Win32
		{253E449D-818F-435A-B6E8-203E5BA1B6EC}.Debug|x86.Build.0 = Debug|Win32
		{253E449D-818F-435A-B6E8-203E5BA1B6EC}.Release|x64.ActiveCfg = Release|x64
		{253E449D-818F-435A-B6E8-203E5BA1B6EC}.Release|x64.Build.0 = Release|x64
		{253E449D-818F-435A-B6E8-203E5BA1B6EC}.Release|x86.ActiveCfg = Release|Win32
		{253E449D-818F-435A-B6E8-203E5BA1B6EC}.Release|x86.Build.0 = Release|Win32
		{25210CAC-BF49-472A-9DE7-147ABCA23766}.Debug|x64.ActiveCfg = Debug|x64
		{25210CAC-BF49-472A-9DE7-147ABCA23766}.Debug|x64.Build.0 = Debug|x64
		{25210CAC-BF49-472A-9DE7-147ABCA23766}.Debug|x86.ActiveCfg = Debug|Win32
		{25210CAC-BF49-472A-9DE7-147ABCA23766}.Debug|x86.Build.0 = Debug|Win32
		{25210CAC-BF49-472A-9DE7-147ABCA23766}.Release|x64.ActiveCfg = Release|x64
		{25210CAC-BF49-472A-9DE7-147ABCA23766}.Release|x64.Build.0 = Release|x64
		{25210CAC-BF49-472A-9DE7-147ABCA23766}.Release|x86.ActiveCfg = Release|Win32
		{25210CAC-BF49-472A-9DE7-147ABCA23766}.Release|x86.Build.0 = Release|Win32
		{A121E10E-64A6-45BE-9128-680FA88C601A}.Debug|x64.ActiveCfg = Debug|x64
		{A121E10E-64A6-45BE-9128-680FA88C601A}.Debug|x64.Build.0 = Debug|x64
		{A121E10E-64A6-45BE-9128-680FA88C601A}.Debug|x86.ActiveCfg = Debug|Win32
		{A121E10E-64A6-45BE-9128-680FA88C601A}.Debug|x86.Build.0 = Debug|Win32
		{A121E10E-64A6-45BE-9128-680FA88C601A}.Release|x64.ActiveCfg = Release|x64
		{A121E10E-64A6-45BE-9128-680FA88C601A}.Release|x64.Build.0 = Release|x64
		{A121E10E-64A6-45BE-9128-680FA88C601A}.Release|x86.ActiveCfg = Release|Win32
		{A121E10E-64A6-45BE-9128-680FA88C601A}.Release|x86.Build.0 = Release|Win32
		{94B504AC-218F-41F1-96AF-10984A604748}.Debug|x64.ActiveCfg = Debug|x64
		{94B504AC-218F-41F1-96AF-10984A604748}.Debug|x64.Build.0 = Debug|x64
		{94B504AC-218F-41F1-96AF-10984A604748}.Debug|x86.ActiveCfg = Debug|Win32
		{94B504AC-218F-41F1-96AF-10984A604748}.Debug|x86.Build.0 = Debug|Win32
		{94B504AC-218F-41F1-96AF-10984A604748}.Release|x64.ActiveCfg = Release|x64
		{94B504AC-218F-41F1-96AF-10984A604748}.Release|x64.Build.0 = Release|x64
		{94B504AC-218F-41F1-96AF-10984A604748}.Release|x86.ActiveCfg = Release|Win32
		{94B504AC-218F-41F1-96AF-10984A604748}.Release|x86.Build.0 = Release|Win32
		{03A1DDB3-0E13-4B75-9090-D407F5DE2E2B}.Debug|x64.ActiveCfg = Debug|x64
		{03A1DDB3-0E13-4B75-9090-D407F5DE2E2B}.Debug|x64.Build.0 = Debug|x64
		{03A1DDB3-0E13-4B75-9090-D407F5DE2E2B}.Debug|x86.ActiveCfg = Debug|Win32
		{03A1DDB3-0E13-4B75-9090-D407F5DE2E2B}.Debug|x86.Build.0 = Debug|Win32
		{03A1DDB3-0E13-4B75-9090-D407F5DE2E2B}.Release|x64.ActiveCfg = Release|x64
		{03A1DDB3-0E13-4B75-9090-D407F5DE2E2B}.Release|x64.Build.0 = Release|x64
		{03A1DDB3-0E13-4B75-9090-D407F5DE2E2B}.Release|x86.ActiveCfg = Release|Win32
		{03A1DDB3-0E13-4B75-9090-D407F5DE2E2B}.Release|x86.Build.0 = Release|Win32
		{5AE2B35C-5241-4778-BA58-BC450282234C}.Debug|x64.ActiveCfg = Debug|x64
		{5AE2B35C-5241-4778-BA58-BC450282234C}.Debug|x64.Build.0 = Debug|x64
		{5AE2B35C-5241-4778-BA58-BC450282234C}.Debug|x86.ActiveCfg = Debug|Win32
		{5AE2B35C-5241-4778-BA58-BC450282234C}.Debug|x86.Build.0 = Debug|Win32
		{5AE2B35C-5241-4778-BA58-BC450282234C}.Release|x64.ActiveCfg = Release|x64
		{5AE2B35C-5241-4778-BA58-BC450282234C}.Release|x64.Build.0 = Release|x64
		{5AE2B35C-5241-4778-BA58-BC450282234C}.Release|x86.ActiveCfg = Release|Win32
		{5AE2B35C-5241-4778-BA58-BC450282234C}.Release|x86.Build.0 = Release|Win32
		{9BD9BEE1-D4AD-4ADE-A379-0588A3B8CF63}.Debug|x64.ActiveCfg = Debug|x64
		{9BD9BEE1-D4AD-4ADE-A379-0588A3B8CF63}.Debug|x64.Build.0 = Debug|x64
		{9BD9BEE1-D4AD-4ADE-A379-0588A3B8CF63}.Debug|x86.ActiveCfg = Debug|Win32
		{9BD9BEE1-D4AD-4ADE-A379-0588A3B8CF63}.Debug|x86.Build.0 = Debug|Win32
		{9BD9BEE1-D4AD-4ADE-A379-0588A3B8CF63}.Release|x64.ActiveCfg = Release|x64
		{9BD9BEE1-D4AD-4ADE-A379-0588A3B8CF63}.Release|x64.Build.0 = Release|x64
		{9BD9BEE1-D4AD-4ADE-A379-0588A3B8CF63}.Release|x86.ActiveCfg = Release|Win32
		{9BD9BEE1-D4AD-4ADE-A379-0588A3B8CF63}.Release|x86.Build.0 = Release|Win32
		{3C4F7DEC-8EA1-424A-9AC3-3AA232FBFF42}.Debug|x64.ActiveCfg = Debug|x64
		{3C4F7DEC-8EA1-424A-9AC3-3AA232FBFF42}.Debug|x64.Build.0 = Debug|x64
		{3C4F7DEC-8EA1-424A-9AC3-3AA232FBFF42}.Debug|x86.ActiveCfg = Debug|Win32
		{3C4F7DEC-8EA1-424A-9AC3-3AA232FBFF42}.Debug|x86.Build.0 = Debug|Win32
		{3C4F7DEC-8EA1-424A-9AC3-3AA232FBFF42}.Release|x64.ActiveCfg = Release|x64
		{3C4F7DEC-8EA1-424A-9AC3-3AA232FBFF42}.Release|x64.Build.0 = Release|x64
		{3C4F7DEC-8EA1-424A-9AC3-3AA232FBFF42}.Release|x86.ActiveCfg = Release|Win32
		{3C4F7DEC-8EA1-424A-9AC3-3AA232FBFF42}.Release|x86.Build.0 = Release|Win32
		{D230CE04-903E-4A8A-A5DD-DF5F84393A72}.Debug|x64.ActiveCfg = Debug|x64
		{D230CE04-903E-4A8A-A5DD-DF5F84393A72}.Debug|x64.Build.0 = Debug|x64
		{D230CE04-903E-4A8A-A5DD-DF5F84393A72}.Debug|x86.ActiveCfg = Debug|Win32
		{D230CE04-903E-4A8A-A5DD-DF5F84393A72}.Debug|x86.Build.0 = Debug|Win32
		{D230CE04-903E-4A8A-A5DD-DF5F84393A72}.Release|x64.ActiveCfg = Release|x64
		{D230CE04-903E-4A8A-A5DD-DF5F84393A72}.Release|x64.Build.0 = Release|x64
		{D230CE04-903E-4A8A-A5DD-DF5F84393A72}.Release|x86.ActiveCfg = Release|Win32
		{D230CE04-903E-4A8A-A5DD-DF5F84393A72}.Release|x86.Build.0 = Release|Win32
		{222728D1-96A3-49B9-A766-516C57115F66}.Debug|x64.ActiveCfg = Debug|x64
		{222728D1-96A3-49B9-A766-516C57115F66}.Debug|x64.Build.0 = Debug|x64
		{222728D1-96A3-49B9-A766-516C57115F66}.Debug|x86.ActiveCfg = Debug|Win32
		{222728D1-96A3-49B9-A766-516C57115F66}.Debug|x86.Build.0 = Debug|Win32
		{222728D1-96A3-49B9-A766-516C57115F66}.Release|x64.ActiveCfg = Release|x64
		{222728D1-96A3-49B9-A766-516C57115F66}.Release|x64.Build.0 = Release|x64
		{222728D1-96A3-49B9-A766-516C57115F66}.Release|x86.ActiveCfg = Release|Win32
		{222728D1-96A3-49B9-A766-516C57115F66}.Release|x86.Build.0 = Release|Win32
		{77FCEF2A-C7D8-4B1A-9190-7678C46A7D21}.Debug|x64.ActiveCfg = Debug|x64
		{77FCEF2A-C7D8-4B1A-9190-7678C46A7D21}.Debug|x64.Build.0 = Debug|x64
		{77FCEF2A-C7D8-4B1A-9190-7678C46A7D21}.Debug|x86.ActiveCfg = Debug|Win32
		{77FCEF2A-C7D8-4B1A-9190-7678C46A7D21}.Debug|x86.Build.0 = Debug|Win32
		{77FCEF2A-C7D8-4B1A-9190-7678C46A7D21}.Release|x64.ActiveCfg = Release|x64
		{77FCEF2A-C7D8-4B1A-9190-7678C46A7D21}.Release|x64.Build.0 = Release|x64
		{77FCEF2A-C7D8-4B1A-9190-7678C46A7D21}.Release|x86.ActiveCfg = Release|Win32
		{77FCEF2A-C7D8-4B1A-9190-7678C46A7D21}.Release|x86.Build.0 = Release|Win32
		{368F481F-F0C4-4E81-8379-8E31DEB01A98}.Debug|x64.ActiveCfg = Debug|x64
		{368F481F-F0C4-4E81-8379-8E31DEB01A98}.Debug|x64.Build.0 = Debug|x64
		{368F481F-F0C4-4E81-8379-8E31DEB01A98}.Debug|x86.ActiveCfg = Debug|Win32
		{368F481F-F0C4-4E81-8379-8E31DEB01A98}.Debug|x86.Build.0 = Debug|Win32
		{368F481F-F0C4-4E81-8379-8E31DEB01A98}.Release|x64.ActiveCfg = Release|x64
		{368F481F-F0C4-4E81-8379-8E31DEB01A98}.Release|x64.Build.0 = Release|x64
		{368F481F-F0C4-4E81-8379-8E31DEB01A98}.Release|x86.ActiveCfg = Release|Win32
		{368F481F-F0C4-4E81-8379-8E31DEB01A98}.Release|x86.Build.0 = Release|Win32
		{A0A0729F-6162-457A-9A10-35E888D66339}.Debug|x64.ActiveCfg = Debug|x64
		{A0A0729F-6162-457A-9A10-35E888D66339}.Debug|x64.Build.0 = Debug|x64
		{A0A0729F-6162-457A-9A10-35E888D66339}.Debug|x86.ActiveCfg = Debug|Win32
		{A0A0729F-6162-457A-9A10-35E888D66339}.Debug|x86.Build.0 = Debug|Win32
		{A0A0729F-6162-457A-9A10-35E888D66339}.Release|x64.ActiveCfg = Release|x64
		{A0A0729F-6162-457A-9A10-35E888D66339}.Release|x64.Build.0 = Release|x64
		{A0A0729F-6162-457A-9A10-35E888D66339}.Release|x86.ActiveCfg = Release|Win32
		{A0A0729F-6162-457A-9A10-35E888D66339}.Release|x86.Build.0 = Release|Win32
		{9DDB7605-13F7-449A-A387-0F382A0A9455}.Debug|x64.ActiveCfg = Debug|x64
		{9DDB7605-13F7-449A-A387-0F382A0A9455}.Debug|x64.Build.0 = Debug|x64
		{9DDB7605-13F7-449A-A387-0F382A0A9455}.Debug|x86.ActiveCfg = Debug|Win32
		{9DDB7605-13F7-449A-A387-0F382A0A9455}.Debug|x86.Build.0 = Debug|Win32
		{9DDB7605-13F7-449A-A387-0F382A0A9455}.Release|x64.ActiveCfg = Release|x64
		{9DDB7605-13F7-449A-A387-0F382A0A9455}.Release|x64.Build.0 = Release|x64
		{9DDB7605-13F7-449A-A387-0F382A0A9455}.Release|x86.ActiveCfg = Release|Win32
		{9DDB7605-13F7-449A-A387-0F382A0A9455}.Release|x86.Build.0 = Release|Win32
		{B8EAC47F-3528-4FFC-87E5-9A5044EFFE08}.Debug|x64.ActiveCfg = Debug|x64
		{B8EAC47F-3528-4FFC-87E5-9A5044EFFE08}.Debug|x64.Build.0 = Debug|x64
		{B8EAC47F-3528-4FFC-87E5-9A5044EFFE08}.Debug|x86.ActiveCfg = Debug|Win32
		{B8EAC47F-3528-4FFC-87E5-9A5044EFFE08}.Debug|x86.Build.0 = Debug|Win32
		{B8EAC47F-3528-4FFC-87E5-9A5044EFFE08}.Release|x64.ActiveCfg = Release|x64
		{B8EAC47F-3528-4FFC-87E5-9A5044EFFE08}.Release|x64.Build.0 = Release|x64
		{B8EAC47F-3528-4FFC-87E5-9A5044EFFE08}.Release|x86.ActiveCfg = Release|Win32
		{B8EAC47F-3528-4FFC-87E5-9A5044EFFE08}.Release|x86.Build.0 = Release|Win32
		{5C43B015-329A-45B5-A341-32247C409699}.Debug|x64.ActiveCfg = Debug|x64
		{5C43B015-329A-45B5-A341-32247C409699}.Debug|x64.Build.0 = Debug|x64
		{5C43B015-329A-45B5-A341-32247C409699}.Debug|x86.ActiveCfg = Debug|Win32
		{5C43B015-329A-45B5-A341-32247C409699}.Debug|x86.Build.0 = Debug|Win32
		{5C43B015-329A-45B5-A341-32247C409699}.Release|x64.ActiveCfg = Release|x64
		{5C43B015-329A-45B5-A341-32247C409699}.Release|x64.Build.0 = Release|x64
		{5C43B015-329A-45B5-A341-32247C409699}.Release|x86.ActiveCfg = Release|Win32
		{5C43B015-329A-45B5-A341-32247C409699}.Release|x86.Build.0 = Release|Win32
		{666D6178-F9EE-4516-ADFD-7FE3EA49BDA0}.Debug|x64.ActiveCfg = Debug|x64
		{666D6178-F9EE-4516-ADFD-7FE3EA49BDA0}.Debug|x64.Build.0 = Debug|x64
		{666D6178-F9EE-4516-ADFD-7FE3EA49BDA0}.Debug|x86.ActiveCfg = Debug|Win32
		{666D6178-F9EE-4516-ADFD-7FE3EA49BDA0}.Debug|x86.Build.0 = Debug|Win32
		{666D6178-F9EE-4516-ADFD-7FE3EA49BDA0}.Release|x64.ActiveCfg = Release|x64
		{666D6178-F9EE-4516-ADFD-7FE3EA49BDA0}.Release|x64.Build.0 = Release|x64
		{666D6178-F9EE-4516-ADFD-7FE3EA49BDA0}.Release|x86.ActiveCfg = Release|Win32
		{666D6178-F9EE-4516-ADFD-7FE3EA49BDA0}.Release|x86.Build.0 = Release|Win32
		{CD05A86A-9F7A-4897-A493-8B84F7A003BD}.Debug|x64.ActiveCfg = Debug|x64
		{CD05A86A-9F7A-4897-A493-8B84F7A003BD}.Debug|x64.Build.0 = Debug|x64
		{CD05A86A-9F7A-4897-A493-8B84F7A003BD}.Debug|x86.ActiveCfg = Debug|Win32
		{CD05A86A-9F7A-4897-A493-8B84F7A003BD}.Debug|x86.Build.0 = Debug|Win32
		{CD05A86A-9F7A-4897-A493-8B84F7A003BD}.Release|x64.ActiveCfg = Release|x64
		{CD05A86A-9F7A-4897-A493-8B84F7A003BD}.Release|x64.Build.0 = Release|x64
		{CD05A86A-9F7A-4897-A493-8B84F7A003BD}.Release|x86.ActiveCfg = Release|Win32
		{CD05A86A-9F7A-4897-A493-8B84F7A003BD}.Release|x86.Build.0 = Release|Win32
		{A58A649F-E1B7-4466-9246-2811C0821392}.Debug|x64.ActiveCfg = Debug|x64
		{A58A649F-E1B7-4466-9246-2811C0821392}.Debug|x64.Build.0 = Debug|x64
		{A58A649F-E1B7-4466-9246-2811C0821392}.Debug|x86.ActiveCfg = Debug|Win32
		{A58A649F-E1B7-4466-9246-2811C0821392}.Debug|x86.Build.0 = Debug|Win32
		{A58A649F-E1B7-4466-9246-2811C0821392}.Release|x64.ActiveCfg = Release|x64
		{A58A649F-E1B7-4466-9246-2811C0821392}.Release|x64.Build.0 = Release|x64
		{A58A649F-E1B7-4466-9246-2811C0821392}.Release|x86.ActiveCfg = Release|Win32
		{A58A649F-E1B7-4466-9246-2811C0821392}.Release|x86.Build.0 = Release|Win32
		{E7636A8A-A5C9-4233-A2F3-496F2B98030F}.Debug|x64.ActiveCfg = Debug|x64
		{E7636A8A-A5C9-4233-A2F3-496F2B98030F}.Debug|x64.Build.0 = Debug|x64
		{E7636A8A-A5C9-4233-A2F3-496F2B98030F}.Debug|x86.ActiveCfg = Debug|Win32
		{E7636A8A-A5C9-4233-A2F3-496F2B98030F}.Debug|x86.Build.0 = Debug|Win32
		{E7636A8A-A5C9-4233-A2F3-496F2B98030F}.Release|x64.ActiveCfg = Release|x64
		{E7636A8A-A5C9-4233-A2F3-496F2B98030F}.Release|x64.Build.0 = Release|x64
		{E7636A8A-A5C9-4233-A2F3-496F2B98030F}.Release|x86.ActiveCfg = Release|Win32
		{E7636A8A-A5C9-4233-A2F3-496F2B98030F}.Release|x86.Build.0 = Release|Win32
		{50CE7010-64F2-4E30-90B1-620A06CCFBAF}.Debug|x64.ActiveCfg = Debug|x64
		{50CE7010-64F2-4E30-90B1-620A06CCFBAF}.Debug|x64.Build.0 = Debug|x64
		{50CE7010-64F2-4E30-90B1-620A06CCFBAF}.Debug|x86.ActiveCfg = Debug|Win32
		{50CE7010-64F2-4E30-90B1-620A06CCFBAF}.Debug|x86.Build.0 = Debug|Win32
		{50CE7010-64F2-4E30-90B1-620A06CCFBAF}.Release|x64.ActiveCfg = Release|x64
		{50CE7010-64F2-4E30-90B1-620A06CCFBAF}.Release|x64.Build.0 = Release|x64
		{50CE7010-64F2-4E30-90B1-620A06CCFBAF}.Release|x86.ActiveCfg = Release|Win32
		{50CE7010-64F2-4E30-90B1-620A06CCFBAF}.Release|x86.Build.0 = Release|Win32
		{18C31549-34F8-43FA-828F-AB4360D63D34}.Debug|x64.ActiveCfg = Debug|x64
		{18C31549-34F8-43FA-828F-AB4360D63D34}.Debug|x64.Build.0 = Debug|x64
		{18C31549-34F8-43FA-828F-AB4360D63D34}.Debug|x86.ActiveCfg = Debug|Win32
		{18C31549-34F8-43FA-828F-AB4360D63D34}.Debug|x86.Build.0 = Debug|Win32
		{18C31549-34F8-43FA-828F-AB4360D63D34}.Release|x64.ActiveCfg = Release|x64
		{18C31549-34F8-43FA-828F-AB4360D63D34}.Release|x64.Build.0 = Release|x64
		{18C31549-34F8-43FA-828F-AB4360D63D34}.Release|x86.ActiveCfg = Release|Win32
		{18C31549-34F8-43FA-828F-AB4360D63D34}.Release|x86.Build.0 = Release|Win32
		{3987D699-F8FE-412A-BCA5-DB77B36C30FE}.Debug|x64.ActiveCfg = Debug|x64
		{3987D699-F8FE-412A-BCA5-DB77B36C30FE}.Debug|x64.Build.0 = Debug|x64
		{3987D699-F8FE-412A-BCA5-DB77B36C30FE}.Debug|x86.ActiveCfg = Debug|Win32
		{3987D699-F8FE-412A-BCA5-DB77B36C30FE}.Debug|x86.Build.0 = Debug|Win32
		{3987D699-F8FE-412A-BCA5-DB77B36C30FE}.Release|x64.ActiveCfg = Release|x64
		{3987D699-F8FE-412A-BCA5-DB77B36C30FE}.Release|x64.Build.0 = Release|x64
		{3987D699-F8FE-412A-BCA5-DB77B36C30FE}.Release|x86.ActiveCfg = Release|Win32
		{3987D699-F8FE-412A-BCA5-DB77B36C30FE}.Release|x86.Build.0 = Release|Win32
		{80D2C16B-770D-44F2-A3F8-80D15A968418}.Debug|x64.ActiveCfg = Debug|x64
		{80D2C16B-770D-44F2-A3F8-80D15A968418}.Debug|x64.Build.0 = Debug|x64
		{80D2C16B-770D-44F2-A3F8-80D15A968418}.Debug|x86.ActiveCfg = Debug|Win32
		{80D2C16B-770D-44F2-A3F8-80D15A968418}.Debug|x86.Build.0 = Debug|Win32
		{80D2C16B-770D-44F2-A3F8-80D15A968418}.Release|x64.ActiveCfg = Release|x64
		{80D2C16B-770D-44F2-A3F8-80D15A968418}.Release|x64.Build.0 = Release|x64
		{80D2C16B-770D-44F2-A3F8-80D15A968418}.Release|x86.ActiveCfg = Release|Win32
		{80D2C16B-770D-44F2-A3F8-80D15A968418}.Release|x86.Build.0 = Release|Win32
		{476168D4-6F86-421E-887E-32F4945AA670}.Debug|x64.ActiveCfg = Debug|x64
		{476168D4-6F86-421E-887E-32F4945AA670}.Debug|x64.Build.0 = Debug|x64
		{476168D4-6F86-421E-887E-32F4945AA670}.Debug|x86.ActiveCfg = Debug|Win32
		{476168D4-6F86-421E-887E-32F4945AA670}.Debug|x86.Build.0 = Debug|Win32
		{476168D4-6F86-421E-887E-32F4945AA670}.Release|x64.ActiveCfg = Release|x64
		{476168D4-6F86-421E-887E-32F4945AA670}.Release|x64.Build.0 = Release|x64
		{476168D4-6F86-421E-887E-32F4945AA670}.Release|x86.ActiveCfg = Release|Win32
		{476168D4-6F86-421E-887E-32F4945AA670}.Release|x86.Build.0 = Release|Win32
		{936A5C6E-700E-461E-9BFE-441FA24D59A4}.Debug|x64.ActiveCfg = Debug|x64
		{936A5C6E-700E-461E-9BFE-441FA24D59A4}.Debug|x64.Build.0 = Debug|x64
		{936A5C6E-700E-461E-9BFE-441FA24D59A4}.Debug|x86.ActiveCfg = Debug|Win32
		{936A5C6E-700E-461E-9BFE-441FA24D59A4}.Debug|x86.Build.0 = Debug|Win32
		{936A5C6E-700E-461E-9BFE-441FA24D59A4}.Release|x64.ActiveCfg = Release|x64
		{936A5C6E-700E-461E-9BFE-441FA24D59A4}.Release|x64.Build.0 = Release|x64
		{936A5C6E-700E-461E-9BFE-441FA24D59A4}.Release|x86.ActiveCfg = Release|Win32
		{936A5C6E-700E-461E-9BFE-441FA24D59A4}.Release|x86.Build.0 = Release|Win32
		{C7520C36-4E13-40BA-98B1-810F1F516831}.Debug|x64.ActiveCfg = Debug|x64
		{C7520C36-4E13-40BA-98B1-810F1F516831}.Debug|x64.Build.0 = Debug|x64
		{C7520C36-4E13-40BA-98B1-810F1F516831}.Debug|x86.ActiveCfg = Debug|Win32
		{C7520C36-4E13-40BA-98B1-810F1F516831}.Debug|x86.Build.0 = Debug|Win32
		{C7520C36-4E13-40BA-98B1-810F1F516831}.Release|x64.ActiveCfg = Release|x64
		{C7520C36-4E13-40BA-98B1-810F1F516831}.Release|x64.Build.0 = Release|x64
		{C7520C36-4E13-40BA-98B1-810F1F516831}.Release|x86.ActiveCfg = Release|Win32
		{C7520C36-4E13-40BA-98B1-810F1F516831}.Release|x86.Build.0 = Release|Win32
		{B2D6C8C3-F94F-4076-8647-C4EDF29E4D15}.Debug|x64.ActiveCfg = Debug|x64
		{B2D6C8C3-F94F-4076-8647-C4EDF29E4D15}.Debug|x64.Build.0 = Debug|x64
		{B2D6C8C3-F94F-4076-8647-C4EDF29E4D15}.Debug|x86.ActiveCfg = Debug|Win32
		{B2D6C8C3-F94F-4076-8647-C4EDF29E4D15}.Debug|x86.Build.0 = Debug|Win32
		{B2D6C8C3-F94F-4076-8647-C4EDF29E4D15}.Release|x64.ActiveCfg = Release|x64
		{B2D6C8C3-F94F-4076-8647-C4EDF29E4D15}.Release|x64.Build.0 = Release|x64
		{B2D6C8C3-F94F-4076-8647-C4EDF29E4D15}.Release|x86.ActiveCfg = Release|Win32
		{B2D6C8C3-F94F-4076-8647-C4EDF29E4D15}.Release|x86.Build.0 = Release|Win32
	EndGlobalSection
	GlobalSection(SolutionProperties) = preSolution
		HideSolutionNode = FALSE
	EndGlobalSection
	GlobalSection(ExtensibilityGlobals) = postSolution
		SolutionGuid = {81D9DEDA-CBC8-4B83-9811-822846B8A2B6}
	EndGlobalSection
EndGlobal
